
Microsoft Visual Studio Solution File, Format Version 12.00
# Visual Studio Version 17
VisualStudioVersion = 17.8.34511.84
MinimumVisualStudioVersion = 10.0.40219.1
Project("{FAE04EC0-301F-11D3-BF4B-00C04F79EFBC}") = "ServerV1", "ServerV1\ServerV1.csproj", "{618FC146-F28D-43EA-AAC0-CC76718A6AD0}"
EndProject
Project("{FAE04EC0-301F-11D3-BF4B-00C04F79EFBC}") = "ServerV2", "ServerV2\ServerV2.csproj", "{B88B4194-C724-491E-9686-7151A8FC4F0A}"
EndProject
Global
	GlobalSection(SolutionConfigurationPlatforms) = preSolution
		Debug|Any CPU = Debug|Any CPU
		Release|Any CPU = Release|Any CPU
	EndGlobalSection
	GlobalSection(ProjectConfigurationPlatforms) = postSolution
		{618FC146-F28D-43EA-AAC0-CC76718A6AD0}.Debug|Any CPU.ActiveCfg = Debug|Any CPU
		{618FC146-F28D-43EA-AAC0-CC76718A6AD0}.Debug|Any CPU.Build.0 = Debug|Any CPU
		{618FC146-F28D-43EA-AAC0-CC76718A6AD0}.Release|Any CPU.ActiveCfg = Release|Any CPU
		{618FC146-F28D-43EA-AAC0-CC76718A6AD0}.Release|Any CPU.Build.0 = Release|Any CPU
		{B88B4194-C724-491E-9686-7151A8FC4F0A}.Debug|Any CPU.ActiveCfg = Debug|Any CPU
		{B88B4194-C724-491E-9686-7151A8FC4F0A}.Debug|Any CPU.Build.0 = Debug|Any CPU
		{B88B4194-C724-491E-9686-7151A8FC4F0A}.Release|Any CPU.ActiveCfg = Release|Any CPU
		{B88B4194-C724-491E-9686-7151A8FC4F0A}.Release|Any CPU.Build.0 = Release|Any CPU
	EndGlobalSection
	GlobalSection(SolutionProperties) = preSolution
		HideSolutionNode = FALSE
	EndGlobalSection
	GlobalSection(ExtensibilityGlobals) = postSolution
		SolutionGuid = {B9A5397D-EFA4-409D-953F-53C5111E4A5F}
	EndGlobalSection
EndGlobal
